
Microsoft Visual Studio Solution File, Format Version 12.00
# Visual Studio Version 17
VisualStudioVersion = 17.5.33516.290
MinimumVisualStudioVersion = 10.0.40219.1
Project("{FAE04EC0-301F-11D3-BF4B-00C04F79EFBC}") = "laprak6", "laprak6.csproj", "{5B50C106-19FB-4566-A060-D310E08807F8}"
EndProject
Global
	GlobalSection(SolutionConfigurationPlatforms) = preSolution
		Debug|Any CPU = Debug|Any CPU
		Release|Any CPU = Release|Any CPU
	EndGlobalSection
	GlobalSection(ProjectConfigurationPlatforms) = postSolution
		{5B50C106-19FB-4566-A060-D310E08807F8}.Debug|Any CPU.ActiveCfg = Debug|Any CPU
		{5B50C106-19FB-4566-A060-D310E08807F8}.Debug|Any CPU.Build.0 = Debug|Any CPU
		{5B50C106-19FB-4566-A060-D310E08807F8}.Release|Any CPU.ActiveCfg = Release|Any CPU
		{5B50C106-19FB-4566-A060-D310E08807F8}.Release|Any CPU.Build.0 = Release|Any CPU
	EndGlobalSection
	GlobalSection(SolutionProperties) = preSolution
		HideSolutionNode = FALSE
	EndGlobalSection
	GlobalSection(ExtensibilityGlobals) = postSolution
		SolutionGuid = {FB60A4FC-FBD4-44C6-88E8-85D7B28FCAD1}
	EndGlobalSection
EndGlobal
